// !$*UTF8*$!
{
	archiveVersion = 1;
	classes = {
	};
	objectVersion = 77;
	objects = {

/* Begin PBXContainerItemProxy section */
		9A3D2A462E1A31340075B826 /* PBXContainerItemProxy */ = {
			isa = PBXContainerItemProxy;
			containerPortal = 9A612F472E14CEFD00CD13E3 /* Project object */;
			proxyType = 1;
			remoteGlobalIDString = 9A612F4E2E14CEFD00CD13E3;
			remoteInfo = NeuroNote;
		};
		9A612F672E14CEFF00CD13E3 /* PBXContainerItemProxy */ = {
			isa = PBXContainerItemProxy;
			containerPortal = 9A612F472E14CEFD00CD13E3 /* Project object */;
			proxyType = 1;
			remoteGlobalIDString = 9A612F4E2E14CEFD00CD13E3;
			remoteInfo = NeuroNote;
		};
/* End PBXContainerItemProxy section */

/* Begin PBXFileReference section */
		9A3D2A422E1A31340075B826 /* NeuroNoteTests.xctest */ = {isa = PBXFileReference; explicitFileType = wrapper.cfbundle; includeInIndex = 0; path = NeuroNoteTests.xctest; sourceTree = BUILT_PRODUCTS_DIR; };
		9A612F4F2E14CEFD00CD13E3 /* NeuroNote.app */ = {isa = PBXFileReference; explicitFileType = wrapper.application; includeInIndex = 0; path = NeuroNote.app; sourceTree = BUILT_PRODUCTS_DIR; };
		9A612F662E14CEFF00CD13E3 /* NeuroNoteUITests.xctest */ = {isa = PBXFileReference; explicitFileType = wrapper.cfbundle; includeInIndex = 0; path = NeuroNoteUITests.xctest; sourceTree = BUILT_PRODUCTS_DIR; };
/* End PBXFileReference section */

/* Begin PBXFileSystemSynchronizedBuildFileExceptionSet section */
		9A612F7C2E14E03100CD13E3 /* Exceptions for "NeuroNote" folder in "NeuroNote" target */ = {
			isa = PBXFileSystemSynchronizedBuildFileExceptionSet;
			membershipExceptions = (
				Info.plist,
			);
			target = 9A612F4E2E14CEFD00CD13E3 /* NeuroNote */;
		};
/* End PBXFileSystemSynchronizedBuildFileExceptionSet section */

/* Begin PBXFileSystemSynchronizedRootGroup section */
		9A3D2A432E1A31340075B826 /* NeuroNoteTests */ = {
			isa = PBXFileSystemSynchronizedRootGroup;
			path = NeuroNoteTests;
			sourceTree = "<group>";
		};
		9A612F512E14CEFD00CD13E3 /* NeuroNote */ = {
			isa = PBXFileSystemSynchronizedRootGroup;
			exceptions = (
				9A612F7C2E14E03100CD13E3 /* Exceptions for "NeuroNote" folder in "NeuroNote" target */,
			);
			path = NeuroNote;
			sourceTree = "<group>";
		};
		9A612F692E14CEFF00CD13E3 /* NeuroNoteUITests */ = {
			isa = PBXFileSystemSynchronizedRootGroup;
			path = NeuroNoteUITests;
			sourceTree = "<group>";
		};
/* End PBXFileSystemSynchronizedRootGroup section */

/* Begin PBXFrameworksBuildPhase section */
		9A3D2A3F2E1A31340075B826 /* Frameworks */ = {
			isa = PBXFrameworksBuildPhase;
			buildActionMask = 2147483647;
			files = (
			);
			runOnlyForDeploymentPostprocessing = 0;
		};
		9A612F4C2E14CEFD00CD13E3 /* Frameworks */ = {
			isa = PBXFrameworksBuildPhase;
			buildActionMask = 2147483647;
			files = (
			);
			runOnlyForDeploymentPostprocessing = 0;
		};
		9A612F632E14CEFF00CD13E3 /* Frameworks */ = {
			isa = PBXFrameworksBuildPhase;
			buildActionMask = 2147483647;
			files = (
			);
			runOnlyForDeploymentPostprocessing = 0;
		};
/* End PBXFrameworksBuildPhase section */

/* Begin PBXGroup section */
		9A612F462E14CEFD00CD13E3 = {
			isa = PBXGroup;
			children = (
				9A612F512E14CEFD00CD13E3 /* NeuroNote */,
				9A612F692E14CEFF00CD13E3 /* NeuroNoteUITests */,
				9A3D2A432E1A31340075B826 /* NeuroNoteTests */,
				9A612F502E14CEFD00CD13E3 /* Products */,
			);
			sourceTree = "<group>";
		};
		9A612F502E14CEFD00CD13E3 /* Products */ = {
			isa = PBXGroup;
			children = (
				9A612F4F2E14CEFD00CD13E3 /* NeuroNote.app */,
				9A612F662E14CEFF00CD13E3 /* NeuroNoteUITests.xctest */,
				9A3D2A422E1A31340075B826 /* NeuroNoteTests.xctest */,
			);
			name = Products;
			sourceTree = "<group>";
		};
/* End PBXGroup section */

/* Begin PBXNativeTarget section */
		9A3D2A412E1A31340075B826 /* NeuroNoteTests */ = {
			isa = PBXNativeTarget;
			buildConfigurationList = 9A3D2A482E1A31340075B826 /* Build configuration list for PBXNativeTarget "NeuroNoteTests" */;
			buildPhases = (
				9A3D2A3E2E1A31340075B826 /* Sources */,
				9A3D2A3F2E1A31340075B826 /* Frameworks */,
				9A3D2A402E1A31340075B826 /* Resources */,
			);
			buildRules = (
			);
			dependencies = (
				9A3D2A472E1A31340075B826 /* PBXTargetDependency */,
			);
			fileSystemSynchronizedGroups = (
				9A3D2A432E1A31340075B826 /* NeuroNoteTests */,
			);
			name = NeuroNoteTests;
			packageProductDependencies = (
			);
			productName = NeuroNoteTests;
			productReference = 9A3D2A422E1A31340075B826 /* NeuroNoteTests.xctest */;
			productType = "com.apple.product-type.bundle.unit-test";
		};
		9A612F4E2E14CEFD00CD13E3 /* NeuroNote */ = {
			isa = PBXNativeTarget;
			buildConfigurationList = 9A612F702E14CEFF00CD13E3 /* Build configuration list for PBXNativeTarget "NeuroNote" */;
			buildPhases = (
				9A612F4B2E14CEFD00CD13E3 /* Sources */,
				9A612F4C2E14CEFD00CD13E3 /* Frameworks */,
				9A612F4D2E14CEFD00CD13E3 /* Resources */,
			);
			buildRules = (
			);
			dependencies = (
			);
			fileSystemSynchronizedGroups = (
				9A612F512E14CEFD00CD13E3 /* NeuroNote */,
			);
			name = NeuroNote;
			packageProductDependencies = (
			);
			productName = NeuroNote;
			productReference = 9A612F4F2E14CEFD00CD13E3 /* NeuroNote.app */;
			productType = "com.apple.product-type.application";
		};
		9A612F652E14CEFF00CD13E3 /* NeuroNoteUITests */ = {
			isa = PBXNativeTarget;
			buildConfigurationList = 9A612F762E14CEFF00CD13E3 /* Build configuration list for PBXNativeTarget "NeuroNoteUITests" */;
			buildPhases = (
				9A612F622E14CEFF00CD13E3 /* Sources */,
				9A612F632E14CEFF00CD13E3 /* Frameworks */,
				9A612F642E14CEFF00CD13E3 /* Resources */,
			);
			buildRules = (
			);
			dependencies = (
				9A612F682E14CEFF00CD13E3 /* PBXTargetDependency */,
			);
			fileSystemSynchronizedGroups = (
				9A612F692E14CEFF00CD13E3 /* NeuroNoteUITests */,
			);
			name = NeuroNoteUITests;
			packageProductDependencies = (
			);
			productName = NeuroNoteUITests;
			productReference = 9A612F662E14CEFF00CD13E3 /* NeuroNoteUITests.xctest */;
			productType = "com.apple.product-type.bundle.ui-testing";
		};
/* End PBXNativeTarget section */

/* Begin PBXProject section */
		9A612F472E14CEFD00CD13E3 /* Project object */ = {
			isa = PBXProject;
			attributes = {
				BuildIndependentTargetsInParallel = 1;
				LastSwiftUpdateCheck = 1640;
				LastUpgradeCheck = 1640;
				TargetAttributes = {
					9A3D2A412E1A31340075B826 = {
						CreatedOnToolsVersion = 16.4;
						TestTargetID = 9A612F4E2E14CEFD00CD13E3;
					};
					9A612F4E2E14CEFD00CD13E3 = {
						CreatedOnToolsVersion = 16.4;
					};
					9A612F652E14CEFF00CD13E3 = {
						CreatedOnToolsVersion = 16.4;
						TestTargetID = 9A612F4E2E14CEFD00CD13E3;
					};
				};
			};
			buildConfigurationList = 9A612F4A2E14CEFD00CD13E3 /* Build configuration list for PBXProject "NeuroNote" */;
			developmentRegion = en;
			hasScannedForEncodings = 0;
			knownRegions = (
				en,
				Base,
			);
			mainGroup = 9A612F462E14CEFD00CD13E3;
			minimizedProjectReferenceProxies = 1;
			preferredProjectObjectVersion = 77;
			productRefGroup = 9A612F502E14CEFD00CD13E3 /* Products */;
			projectDirPath = "";
			projectRoot = "";
			targets = (
				9A612F4E2E14CEFD00CD13E3 /* NeuroNote */,
				9A612F652E14CEFF00CD13E3 /* NeuroNoteUITests */,
				9A3D2A412E1A31340075B826 /* NeuroNoteTests */,
			);
		};
/* End PBXProject section */

/* Begin PBXResourcesBuildPhase section */
		9A3D2A402E1A31340075B826 /* Resources */ = {
			isa = PBXResourcesBuildPhase;
			buildActionMask = 2147483647;
			files = (
			);
			runOnlyForDeploymentPostprocessing = 0;
		};
		9A612F4D2E14CEFD00CD13E3 /* Resources */ = {
			isa = PBXResourcesBuildPhase;
			buildActionMask = 2147483647;
			files = (
			);
			runOnlyForDeploymentPostprocessing = 0;
		};
		9A612F642E14CEFF00CD13E3 /* Resources */ = {
			isa = PBXResourcesBuildPhase;
			buildActionMask = 2147483647;
			files = (
			);
			runOnlyForDeploymentPostprocessing = 0;
		};
/* End PBXResourcesBuildPhase section */

/* Begin PBXSourcesBuildPhase section */
		9A3D2A3E2E1A31340075B826 /* Sources */ = {
			isa = PBXSourcesBuildPhase;
			buildActionMask = 2147483647;
			files = (
			);
			runOnlyForDeploymentPostprocessing = 0;
		};
		9A612F4B2E14CEFD00CD13E3 /* Sources */ = {
			isa = PBXSourcesBuildPhase;
			buildActionMask = 2147483647;
			files = (
			);
			runOnlyForDeploymentPostprocessing = 0;
		};
		9A612F622E14CEFF00CD13E3 /* Sources */ = {
			isa = PBXSourcesBuildPhase;
			buildActionMask = 2147483647;
			files = (
			);
			runOnlyForDeploymentPostprocessing = 0;
		};
/* End PBXSourcesBuildPhase section */

/* Begin PBXTargetDependency section */
		9A3D2A472E1A31340075B826 /* PBXTargetDependency */ = {
			isa = PBXTargetDependency;
			target = 9A612F4E2E14CEFD00CD13E3 /* NeuroNote */;
			targetProxy = 9A3D2A462E1A31340075B826 /* PBXContainerItemProxy */;
		};
		9A612F682E14CEFF00CD13E3 /* PBXTargetDependency */ = {
			isa = PBXTargetDependency;
			target = 9A612F4E2E14CEFD00CD13E3 /* NeuroNote */;
			targetProxy = 9A612F672E14CEFF00CD13E3 /* PBXContainerItemProxy */;
		};
/* End PBXTargetDependency section */

/* Begin XCBuildConfiguration section */
		9A3D2A492E1A31340075B826 /* Debug */ = {
			isa = XCBuildConfiguration;
			buildSettings = {
				BUNDLE_LOADER = "$(TEST_HOST)";
				CODE_SIGN_STYLE = Automatic;
				CURRENT_PROJECT_VERSION = 1;
				DEVELOPMENT_TEAM = 9FKHFCQNJL;
				GENERATE_INFOPLIST_FILE = YES;
				MARKETING_VERSION = 1.0;
				PRODUCT_BUNDLE_IDENTIFIER = com.codewithellie.NeuroNoteTests;
				PRODUCT_NAME = "$(TARGET_NAME)";
				SWIFT_EMIT_LOC_STRINGS = NO;
				SWIFT_VERSION = 5.0;
				TARGETED_DEVICE_FAMILY = "1,2";
				TEST_HOST = "$(BUILT_PRODUCTS_DIR)/NeuroNote.app/$(BUNDLE_EXECUTABLE_FOLDER_PATH)/NeuroNote";
			};
			name = Debug;
		};
		9A3D2A4A2E1A31340075B826 /* Release */ = {
			isa = XCBuildConfiguration;
			buildSettings = {
				BUNDLE_LOADER = "$(TEST_HOST)";
				CODE_SIGN_STYLE = Automatic;
				CURRENT_PROJECT_VERSION = 1;
				DEVELOPMENT_TEAM = 9FKHFCQNJL;
				GENERATE_INFOPLIST_FILE = YES;
				MARKETING_VERSION = 1.0;
				PRODUCT_BUNDLE_IDENTIFIER = com.codewithellie.NeuroNoteTests;
				PRODUCT_NAME = "$(TARGET_NAME)";
				SWIFT_EMIT_LOC_STRINGS = NO;
				SWIFT_VERSION = 5.0;
				TARGETED_DEVICE_FAMILY = "1,2";
				TEST_HOST = "$(BUILT_PRODUCTS_DIR)/NeuroNote.app/$(BUNDLE_EXECUTABLE_FOLDER_PATH)/NeuroNote";
			};
			name = Release;
		};
		9A612F6E2E14CEFF00CD13E3 /* Debug */ = {
			isa = XCBuildConfiguration;
			buildSettings = {
				ALWAYS_SEARCH_USER_PATHS = NO;
				ASSETCATALOG_COMPILER_GENERATE_SWIFT_ASSET_SYMBOL_EXTENSIONS = YES;
				CLANG_ANALYZER_NONNULL = YES;
				CLANG_ANALYZER_NUMBER_OBJECT_CONVERSION = YES_AGGRESSIVE;
				CLANG_CXX_LANGUAGE_STANDARD = "gnu++20";
				CLANG_ENABLE_MODULES = YES;
				CLANG_ENABLE_OBJC_ARC = YES;
				CLANG_ENABLE_OBJC_WEAK = YES;
				CLANG_WARN_BLOCK_CAPTURE_AUTORELEASING = YES;
				CLANG_WARN_BOOL_CONVERSION = YES;
				CLANG_WARN_COMMA = YES;
				CLANG_WARN_CONSTANT_CONVERSION = YES;
				CLANG_WARN_DEPRECATED_OBJC_IMPLEMENTATIONS = YES;
				CLANG_WARN_DIRECT_OBJC_ISA_USAGE = YES_ERROR;
				CLANG_WARN_DOCUMENTATION_COMMENTS = YES;
				CLANG_WARN_EMPTY_BODY = YES;
				CLANG_WARN_ENUM_CONVERSION = YES;
				CLANG_WARN_INFINITE_RECURSION = YES;
				CLANG_WARN_INT_CONVERSION = YES;
				CLANG_WARN_NON_LITERAL_NULL_CONVERSION = YES;
				CLANG_WARN_OBJC_IMPLICIT_RETAIN_SELF = YES;
				CLANG_WARN_OBJC_LITERAL_CONVERSION = YES;
				CLANG_WARN_OBJC_ROOT_CLASS = YES_ERROR;
				CLANG_WARN_QUOTED_INCLUDE_IN_FRAMEWORK_HEADER = YES;
				CLANG_WARN_RANGE_LOOP_ANALYSIS = YES;
				CLANG_WARN_STRICT_PROTOTYPES = YES;
				CLANG_WARN_SUSPICIOUS_MOVE = YES;
				CLANG_WARN_UNGUARDED_AVAILABILITY = YES_AGGRESSIVE;
				CLANG_WARN_UNREACHABLE_CODE = YES;
				CLANG_WARN__DUPLICATE_METHOD_MATCH = YES;
				COPY_PHASE_STRIP = NO;
				DEBUG_INFORMATION_FORMAT = dwarf;
				ENABLE_STRICT_OBJC_MSGSEND = YES;
				ENABLE_TESTABILITY = YES;
				ENABLE_USER_SCRIPT_SANDBOXING = YES;
				GCC_C_LANGUAGE_STANDARD = gnu17;
				GCC_DYNAMIC_NO_PIC = NO;
				GCC_NO_COMMON_BLOCKS = YES;
				GCC_OPTIMIZATION_LEVEL = 0;
				GCC_PREPROCESSOR_DEFINITIONS = (
					"DEBUG=1",
					"$(inherited)",
				);
				GCC_WARN_64_TO_32_BIT_CONVERSION = YES;
				GCC_WARN_ABOUT_RETURN_TYPE = YES_ERROR;
				GCC_WARN_UNDECLARED_SELECTOR = YES;
				GCC_WARN_UNINITIALIZED_AUTOS = YES_AGGRESSIVE;
				GCC_WARN_UNUSED_FUNCTION = YES;
				GCC_WARN_UNUSED_VARIABLE = YES;
				IPHONEOS_DEPLOYMENT_TARGET = 18.5;
				LOCALIZATION_PREFERS_STRING_CATALOGS = YES;
				MTL_ENABLE_DEBUG_INFO = INCLUDE_SOURCE;
				MTL_FAST_MATH = YES;
				ONLY_ACTIVE_ARCH = YES;
				SDKROOT = iphoneos;
				SWIFT_ACTIVE_COMPILATION_CONDITIONS = "DEBUG $(inherited)";
				SWIFT_OPTIMIZATION_LEVEL = "-Onone";
			};
			name = Debug;
		};
		9A612F6F2E14CEFF00CD13E3 /* Release */ = {
			isa = XCBuildConfiguration;
			buildSettings = {
				ALWAYS_SEARCH_USER_PATHS = NO;
				ASSETCATALOG_COMPILER_GENERATE_SWIFT_ASSET_SYMBOL_EXTENSIONS = YES;
				CLANG_ANALYZER_NONNULL = YES;
				CLANG_ANALYZER_NUMBER_OBJECT_CONVERSION = YES_AGGRESSIVE;
				CLANG_CXX_LANGUAGE_STANDARD = "gnu++20";
				CLANG_ENABLE_MODULES = YES;
				CLANG_ENABLE_OBJC_ARC = YES;
				CLANG_ENABLE_OBJC_WEAK = YES;
				CLANG_WARN_BLOCK_CAPTURE_AUTORELEASING = YES;
				CLANG_WARN_BOOL_CONVERSION = YES;
				CLANG_WARN_COMMA = YES;
				CLANG_WARN_CONSTANT_CONVERSION = YES;
				CLANG_WARN_DEPRECATED_OBJC_IMPLEMENTATIONS = YES;
				CLANG_WARN_DIRECT_OBJC_ISA_USAGE = YES_ERROR;
				CLANG_WARN_DOCUMENTATION_COMMENTS = YES;
				CLANG_WARN_EMPTY_BODY = YES;
				CLANG_WARN_ENUM_CONVERSION = YES;
				CLANG_WARN_INFINITE_RECURSION = YES;
				CLANG_WARN_INT_CONVERSION = YES;
				CLANG_WARN_NON_LITERAL_NULL_CONVERSION = YES;
				CLANG_WARN_OBJC_IMPLICIT_RETAIN_SELF = YES;
				CLANG_WARN_OBJC_LITERAL_CONVERSION = YES;
				CLANG_WARN_OBJC_ROOT_CLASS = YES_ERROR;
				CLANG_WARN_QUOTED_INCLUDE_IN_FRAMEWORK_HEADER = YES;
				CLANG_WARN_RANGE_LOOP_ANALYSIS = YES;
				CLANG_WARN_STRICT_PROTOTYPES = YES;
				CLANG_WARN_SUSPICIOUS_MOVE = YES;
				CLANG_WARN_UNGUARDED_AVAILABILITY = YES_AGGRESSIVE;
				CLANG_WARN_UNREACHABLE_CODE = YES;
				CLANG_WARN__DUPLICATE_METHOD_MATCH = YES;
				COPY_PHASE_STRIP = NO;
				DEBUG_INFORMATION_FORMAT = "dwarf-with-dsym";
				ENABLE_NS_ASSERTIONS = NO;
				ENABLE_STRICT_OBJC_MSGSEND = YES;
				ENABLE_USER_SCRIPT_SANDBOXING = YES;
				GCC_C_LANGUAGE_STANDARD = gnu17;
				GCC_NO_COMMON_BLOCKS = YES;
				GCC_WARN_64_TO_32_BIT_CONVERSION = YES;
				GCC_WARN_ABOUT_RETURN_TYPE = YES_ERROR;
				GCC_WARN_UNDECLARED_SELECTOR = YES;
				GCC_WARN_UNINITIALIZED_AUTOS = YES_AGGRESSIVE;
				GCC_WARN_UNUSED_FUNCTION = YES;
				GCC_WARN_UNUSED_VARIABLE = YES;
				IPHONEOS_DEPLOYMENT_TARGET = 18.5;
				LOCALIZATION_PREFERS_STRING_CATALOGS = YES;
				MTL_ENABLE_DEBUG_INFO = NO;
				MTL_FAST_MATH = YES;
				SDKROOT = iphoneos;
				SWIFT_COMPILATION_MODE = wholemodule;
				VALIDATE_PRODUCT = YES;
			};
			name = Release;
		};
		9A612F712E14CEFF00CD13E3 /* Debug */ = {
			isa = XCBuildConfiguration;
			buildSettings = {
				ASSETCATALOG_COMPILER_APPICON_NAME = AppIcon;
				ASSETCATALOG_COMPILER_GLOBAL_ACCENT_COLOR_NAME = AccentColor;
				CODE_SIGN_STYLE = Automatic;
				CURRENT_PROJECT_VERSION = 1;
				DEVELOPMENT_TEAM = 9FKHFCQNJL;
				ENABLE_PREVIEWS = YES;
				GENERATE_INFOPLIST_FILE = YES;
				INFOPLIST_FILE = NeuroNote/Info.plist;
				INFOPLIST_KEY_NSMicrophoneUsageDescription = "We need access to your microphone to record voice notes.";
				INFOPLIST_KEY_UIApplicationSceneManifest_Generation = YES;
				INFOPLIST_KEY_UIApplicationSupportsIndirectInputEvents = YES;
				INFOPLIST_KEY_UILaunchScreen_Generation = YES;
				INFOPLIST_KEY_UISupportedInterfaceOrientations_iPad = "UIInterfaceOrientationPortrait UIInterfaceOrientationPortraitUpsideDown UIInterfaceOrientationLandscapeLeft UIInterfaceOrientationLandscapeRight";
				INFOPLIST_KEY_UISupportedInterfaceOrientations_iPhone = "UIInterfaceOrientationPortrait UIInterfaceOrientationLandscapeLeft UIInterfaceOrientationLandscapeRight";
				IPHONEOS_DEPLOYMENT_TARGET = 17.6;
				LD_RUNPATH_SEARCH_PATHS = (
					"$(inherited)",
					"@executable_path/Frameworks",
				);
				MARKETING_VERSION = 1.0;
				PRODUCT_BUNDLE_IDENTIFIER = com.codewithellie.NeuroNote;
				PRODUCT_NAME = "$(TARGET_NAME)";
				SWIFT_EMIT_LOC_STRINGS = YES;
				SWIFT_VERSION = 5.0;
				TARGETED_DEVICE_FAMILY = "1,2";
			};
			name = Debug;
		};
		9A612F722E14CEFF00CD13E3 /* Release */ = {
			isa = XCBuildConfiguration;
			buildSettings = {
				ASSETCATALOG_COMPILER_APPICON_NAME = AppIcon;
				ASSETCATALOG_COMPILER_GLOBAL_ACCENT_COLOR_NAME = AccentColor;
				CODE_SIGN_IDENTITY = "Apple Development";
				CODE_SIGN_STYLE = Automatic;
				CURRENT_PROJECT_VERSION = 1;
				DEVELOPMENT_TEAM = 9FKHFCQNJL;
				ENABLE_PREVIEWS = YES;
				GENERATE_INFOPLIST_FILE = YES;
				INFOPLIST_FILE = NeuroNote/Info.plist;
				INFOPLIST_KEY_NSMicrophoneUsageDescription = "We need access to your microphone to record voice notes.";
				INFOPLIST_KEY_UIApplicationSceneManifest_Generation = YES;
				INFOPLIST_KEY_UIApplicationSupportsIndirectInputEvents = YES;
				INFOPLIST_KEY_UILaunchScreen_Generation = YES;
				INFOPLIST_KEY_UISupportedInterfaceOrientations_iPad = "UIInterfaceOrientationPortrait UIInterfaceOrientationPortraitUpsideDown UIInterfaceOrientationLandscapeLeft UIInterfaceOrientationLandscapeRight";
				INFOPLIST_KEY_UISupportedInterfaceOrientations_iPhone = "UIInterfaceOrientationPortrait UIInterfaceOrientationLandscapeLeft UIInterfaceOrientationLandscapeRight";
				IPHONEOS_DEPLOYMENT_TARGET = 17.6;
				LD_RUNPATH_SEARCH_PATHS = (
					"$(inherited)",
					"@executable_path/Frameworks",
				);
				MARKETING_VERSION = 1.0;
				PRODUCT_BUNDLE_IDENTIFIER = com.codewithellie.NeuroNote;
				PRODUCT_NAME = "$(TARGET_NAME)";
				PROVISIONING_PROFILE_SPECIFIER = "";
				SWIFT_EMIT_LOC_STRINGS = YES;
				SWIFT_VERSION = 5.0;
				TARGETED_DEVICE_FAMILY = "1,2";
			};
			name = Release;
		};
		9A612F772E14CEFF00CD13E3 /* Debug */ = {
			isa = XCBuildConfiguration;
			buildSettings = {
				CODE_SIGN_STYLE = Automatic;
				CURRENT_PROJECT_VERSION = 1;
				DEVELOPMENT_TEAM = 9FKHFCQNJL;
				GENERATE_INFOPLIST_FILE = YES;
				MARKETING_VERSION = 1.0;
				PRODUCT_BUNDLE_IDENTIFIER = com.codewithellie.NeuroNoteUITests;
				PRODUCT_NAME = "$(TARGET_NAME)";
				SWIFT_EMIT_LOC_STRINGS = NO;
				SWIFT_VERSION = 5.0;
				TARGETED_DEVICE_FAMILY = "1,2";
				TEST_TARGET_NAME = NeuroNote;
			};
			name = Debug;
		};
		9A612F782E14CEFF00CD13E3 /* Release */ = {
			isa = XCBuildConfiguration;
			buildSettings = {
				"CODE_SIGN_IDENTITY[sdk=macosx*]" = "Apple Development";
				CODE_SIGN_STYLE = Automatic;
				CURRENT_PROJECT_VERSION = 1;
				DEVELOPMENT_TEAM = 9FKHFCQNJL;
				GENERATE_INFOPLIST_FILE = YES;
				MARKETING_VERSION = 1.0;
				PRODUCT_BUNDLE_IDENTIFIER = com.codewithellie.NeuroNoteUITests;
				PRODUCT_NAME = "$(TARGET_NAME)";
				SWIFT_EMIT_LOC_STRINGS = NO;
				SWIFT_VERSION = 5.0;
				TARGETED_DEVICE_FAMILY = "1,2";
				TEST_TARGET_NAME = NeuroNote;
			};
			name = Release;
		};
/* End XCBuildConfiguration section */

/* Begin XCConfigurationList section */
		9A3D2A482E1A31340075B826 /* Build configuration list for PBXNativeTarget "NeuroNoteTests" */ = {
			isa = XCConfigurationList;
			buildConfigurations = (
				9A3D2A492E1A31340075B826 /* Debug */,
				9A3D2A4A2E1A31340075B826 /* Release */,
			);
			defaultConfigurationIsVisible = 0;
			defaultConfigurationName = Release;
		};
		9A612F4A2E14CEFD00CD13E3 /* Build configuration list for PBXProject "NeuroNote" */ = {
			isa = XCConfigurationList;
			buildConfigurations = (
				9A612F6E2E14CEFF00CD13E3 /* Debug */,
				9A612F6F2E14CEFF00CD13E3 /* Release */,
			);
			defaultConfigurationIsVisible = 0;
			defaultConfigurationName = Release;
		};
		9A612F702E14CEFF00CD13E3 /* Build configuration list for PBXNativeTarget "NeuroNote" */ = {
			isa = XCConfigurationList;
			buildConfigurations = (
				9A612F712E14CEFF00CD13E3 /* Debug */,
				9A612F722E14CEFF00CD13E3 /* Release */,
			);
			defaultConfigurationIsVisible = 0;
			defaultConfigurationName = Release;
		};
		9A612F762E14CEFF00CD13E3 /* Build configuration list for PBXNativeTarget "NeuroNoteUITests" */ = {
			isa = XCConfigurationList;
			buildConfigurations = (
				9A612F772E14CEFF00CD13E3 /* Debug */,
				9A612F782E14CEFF00CD13E3 /* Release */,
			);
			defaultConfigurationIsVisible = 0;
			defaultConfigurationName = Release;
		};
/* End XCConfigurationList section */
	};
	rootObject = 9A612F472E14CEFD00CD13E3 /* Project object */;
}
